
Microsoft Visual Studio Solution File, Format Version 12.00
# Visual Studio Version 16
VisualStudioVersion = 16.0.30907.101
MinimumVisualStudioVersion = 10.0.40219.1
Project("{FAE04EC0-301F-11D3-BF4B-00C04F79EFBC}") = "MobileShoppe", "MobileShoppe\MobileShoppe.csproj", "{1EF9DF06-7970-457F-9708-A0A8E69D41F0}"
EndProject
Global
	GlobalSection(SolutionConfigurationPlatforms) = preSolution
		Debug|Any CPU = Debug|Any CPU
		Release|Any CPU = Release|Any CPU
	EndGlobalSection
	GlobalSection(ProjectConfigurationPlatforms) = postSolution
		{1EF9DF06-7970-457F-9708-A0A8E69D41F0}.Debug|Any CPU.ActiveCfg = Debug|Any CPU
		{1EF9DF06-7970-457F-9708-A0A8E69D41F0}.Debug|Any CPU.Build.0 = Debug|Any CPU
		{1EF9DF06-7970-457F-9708-A0A8E69D41F0}.Release|Any CPU.ActiveCfg = Release|Any CPU
		{1EF9DF06-7970-457F-9708-A0A8E69D41F0}.Release|Any CPU.Build.0 = Release|Any CPU
	EndGlobalSection
	GlobalSection(SolutionProperties) = preSolution
		HideSolutionNode = FALSE
	EndGlobalSection
	GlobalSection(ExtensibilityGlobals) = postSolution
		SolutionGuid = {9898DD06-FE24-45B1-9C25-559B2F6D0AE7}
	EndGlobalSection
EndGlobal
